
Microsoft Visual Studio Solution File, Format Version 12.00
# Visual Studio Version 17
VisualStudioVersion = 17.11.35222.181
MinimumVisualStudioVersion = 10.0.40219.1
Project("{FAE04EC0-301F-11D3-BF4B-00C04F79EFBC}") = "HoudiniSafe", "HoudiniSafe.csproj", "{094018AE-8AFD-4FDE-BFF2-783BD58DE3E0}"
EndProject
Global
	GlobalSection(SolutionConfigurationPlatforms) = preSolution
		Debug|Any CPU = Debug|Any CPU
		Release|Any CPU = Release|Any CPU
	EndGlobalSection
	GlobalSection(ProjectConfigurationPlatforms) = postSolution
		{094018AE-8AFD-4FDE-BFF2-783BD58DE3E0}.Debug|Any CPU.ActiveCfg = Debug|Any CPU
		{094018AE-8AFD-4FDE-BFF2-783BD58DE3E0}.Debug|Any CPU.Build.0 = Debug|Any CPU
		{094018AE-8AFD-4FDE-BFF2-783BD58DE3E0}.Release|Any CPU.ActiveCfg = Release|Any CPU
		{094018AE-8AFD-4FDE-BFF2-783BD58DE3E0}.Release|Any CPU.Build.0 = Release|Any CPU
	EndGlobalSection
	GlobalSection(SolutionProperties) = preSolution
		HideSolutionNode = FALSE
	EndGlobalSection
	GlobalSection(ExtensibilityGlobals) = postSolution
		SolutionGuid = {2AFC1B12-0E6C-44BE-872F-841C2CB42445}
	EndGlobalSection
EndGlobal
